
Microsoft Visual Studio Solution File, Format Version 12.00
# Visual Studio Version 16
VisualStudioVersion = 16.0.30523.141
MinimumVisualStudioVersion = 10.0.40219.1
Project("{FAE04EC0-301F-11D3-BF4B-00C04F79EFBC}") = "NotSoSmartSaverAPI", "NotSoSmartSaverAPI\NotSoSmartSaverAPI.csproj", "{0DFF4A28-90BD-421A-A094-1B6D71059FEE}"
EndProject
Global
	GlobalSection(SolutionConfigurationPlatforms) = preSolution
		Debug|Any CPU = Debug|Any CPU
		Release|Any CPU = Release|Any CPU
	EndGlobalSection
	GlobalSection(ProjectConfigurationPlatforms) = postSolution
		{0DFF4A28-90BD-421A-A094-1B6D71059FEE}.Debug|Any CPU.ActiveCfg = Debug|Any CPU
		{0DFF4A28-90BD-421A-A094-1B6D71059FEE}.Debug|Any CPU.Build.0 = Debug|Any CPU
		{0DFF4A28-90BD-421A-A094-1B6D71059FEE}.Release|Any CPU.ActiveCfg = Release|Any CPU
		{0DFF4A28-90BD-421A-A094-1B6D71059FEE}.Release|Any CPU.Build.0 = Release|Any CPU
	EndGlobalSection
	GlobalSection(SolutionProperties) = preSolution
		HideSolutionNode = FALSE
	EndGlobalSection
	GlobalSection(ExtensibilityGlobals) = postSolution
		SolutionGuid = {174C39BC-B7E3-46C3-A9BE-3D64D42CBB6E}
	EndGlobalSection
EndGlobal
